Microsoft Visual Studio Solution File, Format Version 12.00
# Visual Studio Version 17
VisualStudioVersion = 17.5.2.0
MinimumVisualStudioVersion = 10.0.40219.1
Project("{FAE04EC0-301F-11D3-BF4B-00C04F79EFBC}") = "EnableCombatOnlyAbility", "EnableCombatOnlyAbility.csproj", "{FC71220C-31AD-E977-10A3-CBC8CAD35361}"
EndProject
Global
	GlobalSection(SolutionConfigurationPlatforms) = preSolution
		Debug|Any CPU = Debug|Any CPU
		Release|Any CPU = Release|Any CPU
	EndGlobalSection
	GlobalSection(ProjectConfigurationPlatforms) = postSolution
		{FC71220C-31AD-E977-10A3-CBC8CAD35361}.Debug|Any CPU.ActiveCfg = Debug|Any CPU
		{FC71220C-31AD-E977-10A3-CBC8CAD35361}.Debug|Any CPU.Build.0 = Debug|Any CPU
		{FC71220C-31AD-E977-10A3-CBC8CAD35361}.Release|Any CPU.ActiveCfg = Release|Any CPU
		{FC71220C-31AD-E977-10A3-CBC8CAD35361}.Release|Any CPU.Build.0 = Release|Any CPU
	EndGlobalSection
	GlobalSection(SolutionProperties) = preSolution
		HideSolutionNode = FALSE
	EndGlobalSection
	GlobalSection(ExtensibilityGlobals) = postSolution
		SolutionGuid = {B2B9066F-18DD-43A0-9E66-2DF9AAEB3186}
	EndGlobalSection
EndGlobal
