Microsoft Visual Studio Solution File, Format Version 12.00
# Visual Studio Version 17
VisualStudioVersion = 17.5.2.0
MinimumVisualStudioVersion = 10.0.40219.1
Project("{FAE04EC0-301F-11D3-BF4B-00C04F79EFBC}") = "AchievementCheck", "AchievementCheck.csproj", "{AE7C5C8D-D966-437E-8E24-63590FC5E342}"
EndProject
Global
	GlobalSection(SolutionConfigurationPlatforms) = preSolution
		Debug|Any CPU = Debug|Any CPU
		Release|Any CPU = Release|Any CPU
	EndGlobalSection
	GlobalSection(ProjectConfigurationPlatforms) = postSolution
		{AE7C5C8D-D966-437E-8E24-63590FC5E342}.Debug|Any CPU.ActiveCfg = Debug|Any CPU
		{AE7C5C8D-D966-437E-8E24-63590FC5E342}.Debug|Any CPU.Build.0 = Debug|Any CPU
		{AE7C5C8D-D966-437E-8E24-63590FC5E342}.Release|Any CPU.ActiveCfg = Release|Any CPU
		{AE7C5C8D-D966-437E-8E24-63590FC5E342}.Release|Any CPU.Build.0 = Release|Any CPU
	EndGlobalSection
	GlobalSection(SolutionProperties) = preSolution
		HideSolutionNode = FALSE
	EndGlobalSection
	GlobalSection(ExtensibilityGlobals) = postSolution
		SolutionGuid = {8635D78C-07D7-4BC6-A6C7-B2DDDCD6EAA9}
	EndGlobalSection
EndGlobal
