Microsoft Visual Studio Solution File, Format Version 12.00
# Visual Studio Version 17
VisualStudioVersion = 17.5.2.0
MinimumVisualStudioVersion = 10.0.40219.1
Project("{FAE04EC0-301F-11D3-BF4B-00C04F79EFBC}") = "ItemStackable", "ItemStackable.csproj", "{F5C35DA4-F990-F191-9F54-15B0B319BEF4}"
EndProject
Global
	GlobalSection(SolutionConfigurationPlatforms) = preSolution
		Debug|Any CPU = Debug|Any CPU
		Release|Any CPU = Release|Any CPU
	EndGlobalSection
	GlobalSection(ProjectConfigurationPlatforms) = postSolution
		{F5C35DA4-F990-F191-9F54-15B0B319BEF4}.Debug|Any CPU.ActiveCfg = Debug|Any CPU
		{F5C35DA4-F990-F191-9F54-15B0B319BEF4}.Debug|Any CPU.Build.0 = Debug|Any CPU
		{F5C35DA4-F990-F191-9F54-15B0B319BEF4}.Release|Any CPU.ActiveCfg = Release|Any CPU
		{F5C35DA4-F990-F191-9F54-15B0B319BEF4}.Release|Any CPU.Build.0 = Release|Any CPU
	EndGlobalSection
	GlobalSection(SolutionProperties) = preSolution
		HideSolutionNode = FALSE
	EndGlobalSection
	GlobalSection(ExtensibilityGlobals) = postSolution
		SolutionGuid = {291710FA-8812-48B7-AE67-44115016DD68}
	EndGlobalSection
EndGlobal
